
Microsoft Visual Studio Solution File, Format Version 12.00
# Visual Studio Version 17
VisualStudioVersion = 17.5.002.0
MinimumVisualStudioVersion = 10.0.40219.1
Project("{9A19103F-16F7-4668-BE54-9A1E7A4F7556}") = "TheMathChallenge", "TheMathChallenge.csproj", "{9DC2A90B-6C47-47B6-BD62-0AAAF767A615}"
EndProject
Global
	GlobalSection(SolutionConfigurationPlatforms) = preSolution
		Debug|Any CPU = Debug|Any CPU
		Release|Any CPU = Release|Any CPU
	EndGlobalSection
	GlobalSection(ProjectConfigurationPlatforms) = postSolution
		{9DC2A90B-6C47-47B6-BD62-0AAAF767A615}.Debug|Any CPU.ActiveCfg = Debug|Any CPU
		{9DC2A90B-6C47-47B6-BD62-0AAAF767A615}.Debug|Any CPU.Build.0 = Debug|Any CPU
		{9DC2A90B-6C47-47B6-BD62-0AAAF767A615}.Release|Any CPU.ActiveCfg = Release|Any CPU
		{9DC2A90B-6C47-47B6-BD62-0AAAF767A615}.Release|Any CPU.Build.0 = Release|Any CPU
	EndGlobalSection
	GlobalSection(SolutionProperties) = preSolution
		HideSolutionNode = FALSE
	EndGlobalSection
	GlobalSection(ExtensibilityGlobals) = postSolution
		SolutionGuid = {F5204016-E1BE-4811-91A1-6C628ED97458}
	EndGlobalSection
EndGlobal
